{
  "name": "flatCoreBackendTheme",
  "version": "1.0.0",
  "lockfileVersion": 1,
  "requires": true,
  "dependencies": {
    "@eonasdan/tempus-dominus": {
      "version": "6.0.0-beta1",
      "resolved": "https://registry.npmjs.org/@eonasdan/tempus-dominus/-/tempus-dominus-6.0.0-beta1.tgz",
      "integrity": "sha512-ZKaWNqjhJg8b1MwIvutIOwy2Gh8MGSC+Ka/RNFVoxsfJ5+WrH15ptMBnfWLhi+lyr6WjtCY3ZPCZTPfWIyHlEw=="
    },
    "@popperjs/core": {
      "version": "2.11.2",
      "resolved": "https://registry.npmjs.org/@popperjs/core/-/core-2.11.2.tgz",
      "integrity": "sha512-92FRmppjjqz29VMJ2dn+xdyXZBrMlE42AV6Kq6BwjWV7CNUW1hs2FtxSNLQE+gJhaZ6AAmYuO9y8dshhcBl7vA=="
    },
    "accounting": {
      "version": "0.4.1",
      "resolved": "https://registry.npmjs.org/accounting/-/accounting-0.4.1.tgz",
      "integrity": "sha1-h91BA+/39EYPHhhvXGd+1s9WaIM="
    },
    "ace-builds": {
      "version": "1.4.13",
      "resolved": "https://registry.npmjs.org/ace-builds/-/ace-builds-1.4.13.tgz",
      "integrity": "sha512-SOLzdaQkY6ecPKYRDDg+MY1WoGgXA34cIvYJNNoBMGGUswHmlauU2Hy0UL96vW0Fs/LgFbMUjD+6vqzWTldIYQ=="
    },
    "bootstrap": {
      "version": "5.1.3",
      "resolved": "https://registry.npmjs.org/bootstrap/-/bootstrap-5.1.3.tgz",
      "integrity": "sha512-fcQztozJ8jToQWXxVuEyXWW+dSo8AiXWKwiSSrKWsRB/Qt+Ewwza+JWoLKiTuQLaEPhdNAJ7+Dosc9DOIqNy7Q=="
    },
    "bootstrap-icons": {
      "version": "1.7.2",
      "resolved": "https://registry.npmjs.org/bootstrap-icons/-/bootstrap-icons-1.7.2.tgz",
      "integrity": "sha512-NiR2PqC73AQOPdVSu6GJfnk+hN2z6powcistXk1JgPnKuoV2FSdSl26w931Oz9HYbKCcKUSB6ncZTYJAYJl3QQ=="
    },
    "bootstrap-tagsinput-2021": {
      "version": "0.8.6",
      "resolved": "https://registry.npmjs.org/bootstrap-tagsinput-2021/-/bootstrap-tagsinput-2021-0.8.6.tgz",
      "integrity": "sha512-/ZbR3Hl6BtpbuVuoXPxiyoh4a4fKyoyKn4pFXyL4fGEEQ3uwPS4/urrJ5O9ew2WkfBkJUdHnCLtNuVeUlz6HoA=="
    },
    "clipboard": {
      "version": "2.0.8",
      "resolved": "https://registry.npmjs.org/clipboard/-/clipboard-2.0.8.tgz",
      "integrity": "sha512-Y6WO0unAIQp5bLmk1zdThRhgJt/x3ks6f30s3oE3H1mgIEU33XyQjEf8gsf6DxC7NPX8Y1SsNWjUjL/ywLnnbQ==",
      "requires": {
        "good-listener": "^1.2.2",
        "select": "^1.1.2",
        "tiny-emitter": "^2.0.0"
      }
    },
    "delegate": {
      "version": "3.2.0",
      "resolved": "https://registry.npmjs.org/delegate/-/delegate-3.2.0.tgz",
      "integrity": "sha512-IofjkYBZaZivn0V8nnsMJGBr4jVLxHDheKSW88PyxS5QC4Vo9ZbZVvhzlSxY87fVq3STR6r+4cGepyHkcWOQSw=="
    },
    "dropzone": {
      "version": "5.9.3",
      "resolved": "https://registry.npmjs.org/dropzone/-/dropzone-5.9.3.tgz",
      "integrity": "sha512-Azk8kD/2/nJIuVPK+zQ9sjKMRIpRvNyqn9XwbBHNq+iNuSccbJS6hwm1Woy0pMST0erSo0u4j+KJaodndDk4vA=="
    },
    "good-listener": {
      "version": "1.2.2",
      "resolved": "https://registry.npmjs.org/good-listener/-/good-listener-1.2.2.tgz",
      "integrity": "sha1-1TswzfkxPf+33JoNR3CWqm0UXFA=",
      "requires": {
        "delegate": "^3.1.2"
      }
    },
    "image-picker": {
      "version": "0.3.1",
      "resolved": "https://registry.npmjs.org/image-picker/-/image-picker-0.3.1.tgz",
      "integrity": "sha1-avi1Ci/8mN9dS5RRNz450sYVFIU="
    },
    "jquery": {
      "version": "3.6.0",
      "resolved": "https://registry.npmjs.org/jquery/-/jquery-3.6.0.tgz",
      "integrity": "sha512-JVzAR/AjBvVt2BmYhxRCSYysDsPcssdmTFnzyLEts9qNwmjmu4JTAMYubEfwVOSwpQ1I1sKKFcxhZCI2buerfw=="
    },
    "jquery-text-counter": {
      "version": "0.9.0",
      "resolved": "https://registry.npmjs.org/jquery-text-counter/-/jquery-text-counter-0.9.0.tgz",
      "integrity": "sha512-S6K/QQhHgprxNlK6Fjfal8vOjTFXEOBMAsytlL0S9g6Ui7Eu/eiGRps11hhevuFjzTA2KEU+JnVHQt/8lX0L0A==",
      "requires": {
        "jquery": ">=1.5"
      }
    },
    "jquery.dirtyforms": {
      "version": "2.0.0",
      "resolved": "https://registry.npmjs.org/jquery.dirtyforms/-/jquery.dirtyforms-2.0.0.tgz",
      "integrity": "sha1-ClMBFZXT0ZwsgcDpG6AHhDntDS0=",
      "requires": {
        "jquery": ">=1.4.2"
      }
    },
    "moment": {
      "version": "2.29.2",
      "resolved": "https://registry.npmjs.org/moment/-/moment-2.29.2.tgz",
      "integrity": "sha512-UgzG4rvxYpN15jgCmVJwac49h9ly9NurikMWGPdVxm8GZD6XjkKPxDTjQQ43gtGgnV3X0cAyWDdP2Wexoquifg=="
    },
    "select": {
      "version": "1.1.2",
      "resolved": "https://registry.npmjs.org/select/-/select-1.1.2.tgz",
      "integrity": "sha1-DnNQrN7ICxEIUoeG7B1EGNEbOW0="
    },
    "tiny-emitter": {
      "version": "2.1.0",
      "resolved": "https://registry.npmjs.org/tiny-emitter/-/tiny-emitter-2.1.0.tgz",
      "integrity": "sha512-NB6Dk1A9xgQPMoGqC5CVXn123gWyte215ONT5Pp5a0yt4nlEoO1ZWeCwpncaekPHXO60i47ihFnZPiRPjRMq4Q=="
    },
    "tinymce": {
      "version": "5.10.7",
      "resolved": "https://registry.npmjs.org/tinymce/-/tinymce-5.10.7.tgz",
      "integrity": "sha512-9UUjaO0R7FxcFo0oxnd1lMs7H+D0Eh+dDVo5hKbVe1a+VB0nit97vOqlinj+YwgoBDt6/DSCUoWqAYlLI8BLYA=="
    }
  }
}
