{
  "name": "flatCoreBackendTheme",
  "version": "1.0.0",
  "lockfileVersion": 1,
  "requires": true,
  "dependencies": {
    "@eonasdan/tempus-dominus": {
      "version": "6.0.0-beta5.1",
      "resolved": "https://registry.npmjs.org/@eonasdan/tempus-dominus/-/tempus-dominus-6.0.0-beta5.1.tgz",
      "integrity": "sha512-P6xYCgidm2AzFhpu6JsG1e0NMBXblSTcST6dc56hhwU4BVJUDO2FJg1zU/1t308qJjusJ8ozHozYBSmfvKi3XA=="
    },
    "@popperjs/core": {
      "version": "2.11.5",
      "resolved": "https://registry.npmjs.org/@popperjs/core/-/core-2.11.5.tgz",
      "integrity": "sha512-9X2obfABZuDVLCgPK9aX0a/x4jaOEweTTWE2+9sr0Qqqevj2Uv5XorvusThmc9XGYpS9yI+fhh8RTafBtGposw=="
    },
    "@tinymce/tinymce-jquery": {
      "version": "2.0.0",
      "resolved": "https://registry.npmjs.org/@tinymce/tinymce-jquery/-/tinymce-jquery-2.0.0.tgz",
      "integrity": "sha512-afxm4UVIsi8roxyFiZu+SX4pARyYRWDw3XsMFu4E2eQwuTNpO+jA7qdbqCx3zzcl68clie4jAPmxSUUiJMabEQ=="
    },
    "accounting": {
      "version": "0.4.1",
      "resolved": "https://registry.npmjs.org/accounting/-/accounting-0.4.1.tgz",
      "integrity": "sha1-h91BA+/39EYPHhhvXGd+1s9WaIM="
    },
    "ace-builds": {
      "version": "1.4.14",
      "resolved": "https://registry.npmjs.org/ace-builds/-/ace-builds-1.4.14.tgz",
      "integrity": "sha512-NBOQlm9+7RBqRqZwimpgquaLeTJFayqb9UEPtTkpC3TkkwDnlsT/TwsCC0svjt9kEZ6G9mH5AEOHSz6Q/HrzQQ=="
    },
    "bootstrap": {
      "version": "5.1.3",
      "resolved": "https://registry.npmjs.org/bootstrap/-/bootstrap-5.1.3.tgz",
      "integrity": "sha512-fcQztozJ8jToQWXxVuEyXWW+dSo8AiXWKwiSSrKWsRB/Qt+Ewwza+JWoLKiTuQLaEPhdNAJ7+Dosc9DOIqNy7Q=="
    },
    "bootstrap-icons": {
      "version": "1.8.1",
      "resolved": "https://registry.npmjs.org/bootstrap-icons/-/bootstrap-icons-1.8.1.tgz",
      "integrity": "sha512-IXUqislddPJfwq6H+2nTkHyr9epO9h6u1AG0OZCx616w+TgzeoCjfmI3qJMQqt1J586gN2IxzB4M99Ip4sTZ1w=="
    },
    "bootstrap-tagsinput-2021": {
      "version": "0.8.6",
      "resolved": "https://registry.npmjs.org/bootstrap-tagsinput-2021/-/bootstrap-tagsinput-2021-0.8.6.tgz",
      "integrity": "sha512-/ZbR3Hl6BtpbuVuoXPxiyoh4a4fKyoyKn4pFXyL4fGEEQ3uwPS4/urrJ5O9ew2WkfBkJUdHnCLtNuVeUlz6HoA=="
    },
    "clipboard": {
      "version": "2.0.10",
      "resolved": "https://registry.npmjs.org/clipboard/-/clipboard-2.0.10.tgz",
      "integrity": "sha512-cz3m2YVwFz95qSEbCDi2fzLN/epEN9zXBvfgAoGkvGOJZATMl9gtTDVOtBYkx2ODUJl2kvmud7n32sV2BpYR4g==",
      "requires": {
        "good-listener": "^1.2.2",
        "select": "^1.1.2",
        "tiny-emitter": "^2.0.0"
      }
    },
    "delegate": {
      "version": "3.2.0",
      "resolved": "https://registry.npmjs.org/delegate/-/delegate-3.2.0.tgz",
      "integrity": "sha512-IofjkYBZaZivn0V8nnsMJGBr4jVLxHDheKSW88PyxS5QC4Vo9ZbZVvhzlSxY87fVq3STR6r+4cGepyHkcWOQSw=="
    },
    "dropzone": {
      "version": "5.9.3",
      "resolved": "https://registry.npmjs.org/dropzone/-/dropzone-5.9.3.tgz",
      "integrity": "sha512-Azk8kD/2/nJIuVPK+zQ9sjKMRIpRvNyqn9XwbBHNq+iNuSccbJS6hwm1Woy0pMST0erSo0u4j+KJaodndDk4vA=="
    },
    "good-listener": {
      "version": "1.2.2",
      "resolved": "https://registry.npmjs.org/good-listener/-/good-listener-1.2.2.tgz",
      "integrity": "sha1-1TswzfkxPf+33JoNR3CWqm0UXFA=",
      "requires": {
        "delegate": "^3.1.2"
      }
    },
    "image-picker": {
      "version": "0.3.1",
      "resolved": "https://registry.npmjs.org/image-picker/-/image-picker-0.3.1.tgz",
      "integrity": "sha1-avi1Ci/8mN9dS5RRNz450sYVFIU="
    },
    "jquery": {
      "version": "3.6.0",
      "resolved": "https://registry.npmjs.org/jquery/-/jquery-3.6.0.tgz",
      "integrity": "sha512-JVzAR/AjBvVt2BmYhxRCSYysDsPcssdmTFnzyLEts9qNwmjmu4JTAMYubEfwVOSwpQ1I1sKKFcxhZCI2buerfw=="
    },
    "jquery-text-counter": {
      "version": "0.9.0",
      "resolved": "https://registry.npmjs.org/jquery-text-counter/-/jquery-text-counter-0.9.0.tgz",
      "integrity": "sha512-S6K/QQhHgprxNlK6Fjfal8vOjTFXEOBMAsytlL0S9g6Ui7Eu/eiGRps11hhevuFjzTA2KEU+JnVHQt/8lX0L0A==",
      "requires": {
        "jquery": ">=1.5"
      }
    },
    "jquery.dirtyforms": {
      "version": "2.0.0",
      "resolved": "https://registry.npmjs.org/jquery.dirtyforms/-/jquery.dirtyforms-2.0.0.tgz",
      "integrity": "sha1-ClMBFZXT0ZwsgcDpG6AHhDntDS0=",
      "requires": {
        "jquery": ">=1.4.2"
      }
    },
    "moment": {
      "version": "2.29.3",
      "resolved": "https://registry.npmjs.org/moment/-/moment-2.29.3.tgz",
      "integrity": "sha512-c6YRvhEo//6T2Jz/vVtYzqBzwvPT95JBQ+smCytzf7c50oMZRsR/a4w88aD34I+/QVSfnoAnSBFPJHItlOMJVw=="
    },
    "select": {
      "version": "1.1.2",
      "resolved": "https://registry.npmjs.org/select/-/select-1.1.2.tgz",
      "integrity": "sha1-DnNQrN7ICxEIUoeG7B1EGNEbOW0="
    },
    "tiny-emitter": {
      "version": "2.1.0",
      "resolved": "https://registry.npmjs.org/tiny-emitter/-/tiny-emitter-2.1.0.tgz",
      "integrity": "sha512-NB6Dk1A9xgQPMoGqC5CVXn123gWyte215ONT5Pp5a0yt4nlEoO1ZWeCwpncaekPHXO60i47ihFnZPiRPjRMq4Q=="
    },
    "tinymce": {
      "version": "6.0.1",
      "resolved": "https://registry.npmjs.org/tinymce/-/tinymce-6.0.1.tgz",
      "integrity": "sha512-+y3Lhm65GFs87gUfKuSWm2JA6ULHCC29trof4umIk2+TT+ql2poSsqsmRCSPN4elEo4EssIgEPFVRyPvrS/pDg=="
    }
  }
}
